// !$*UTF8*$!
{
	archiveVersion = 1;
	classes = {
	};
	objectVersion = 46;
	objects = {

/* Begin PBXBuildFile section */
		DA64AC261C02D7720073F204 /* AppDelegate.swift in Sources */ = {isa = PBXBuildFile; fileRef = DA64AC251C02D7720073F204 /* AppDelegate.swift */; };
		DA64AC281C02D7720073F204 /* ViewController.swift in Sources */ = {isa = PBXBuildFile; fileRef = DA64AC271C02D7720073F204 /* ViewController.swift */; };
		DA64AC2B1C02D7720073F204 /* Main.storyboard in Resources */ = {isa = PBXBuildFile; fileRef = DA64AC291C02D7720073F204 /* Main.storyboard */; };
		DA64AC2D1C02D7720073F204 /* Images.xcassets in Resources */ = {isa = PBXBuildFile; fileRef = DA64AC2C1C02D7720073F204 /* Images.xcassets */; };
		DA64AC301C02D7720073F204 /* LaunchScreen.xib in Resources */ = {isa = PBXBuildFile; fileRef = DA64AC2E1C02D7720073F204 /* LaunchScreen.xib */; };
		DA64AC3C1C02D7720073F204 /* SwiftSampleAppTests.swift in Sources */ = {isa = PBXBuildFile; fileRef = DA64AC3B1C02D7720073F204 /* SwiftSampleAppTests.swift */; };
/* End PBXBuildFile section */

/* Begin PBXContainerItemProxy section */
		DA64AC361C02D7720073F204 /* PBXContainerItemProxy */ = {
			isa = PBXContainerItemProxy;
			containerPortal = DA64AC181C02D7720073F204 /* Project object */;
			proxyType = 1;
			remoteGlobalIDString = DA64AC1F1C02D7720073F204;
			remoteInfo = SwiftSampleApp;
		};
/* End PBXContainerItemProxy section */

/* Begin PBXFileReference section */
		DA64AC201C02D7720073F204 /* SwiftSampleApp.app */ = {isa = PBXFileReference; explicitFileType = wrapper.application; includeInIndex = 0; path = SwiftSampleApp.app; sourceTree = BUILT_PRODUCTS_DIR; };
		DA64AC241C02D7720073F204 /* Info.plist */ = {isa = PBXFileReference; lastKnownFileType = text.plist.xml; path = Info.plist; sourceTree = "<group>"; };
		DA64AC251C02D7720073F204 /* AppDelegate.swift */ = {isa = PBXFileReference; lastKnownFileType = sourcecode.swift; path = AppDelegate.swift; sourceTree = "<group>"; };
		DA64AC271C02D7720073F204 /* ViewController.swift */ = {isa = PBXFileReference; lastKnownFileType = sourcecode.swift; path = ViewController.swift; sourceTree = "<group>"; };
		DA64AC2A1C02D7720073F204 /* Base */ = {isa = PBXFileReference; lastKnownFileType = file.storyboard; name = Base; path = Base.lproj/Main.storyboard; sourceTree = "<group>"; };
		DA64AC2C1C02D7720073F204 /* Images.xcassets */ = {isa = PBXFileReference; lastKnownFileType = folder.assetcatalog; path = Images.xcassets; sourceTree = "<group>"; };
		DA64AC2F1C02D7720073F204 /* Base */ = {isa = PBXFileReference; lastKnownFileType = file.xib; name = Base; path = Base.lproj/LaunchScreen.xib; sourceTree = "<group>"; };
		DA64AC351C02D7720073F204 /* SwiftSampleAppTests.xctest */ = {isa = PBXFileReference; explicitFileType = wrapper.cfbundle; includeInIndex = 0; path = SwiftSampleAppTests.xctest; sourceTree = BUILT_PRODUCTS_DIR; };
		DA64AC3A1C02D7720073F204 /* Info.plist */ = {isa = PBXFileReference; lastKnownFileType = text.plist.xml; path = Info.plist; sourceTree = "<group>"; };
		DA64AC3B1C02D7720073F204 /* SwiftSampleAppTests.swift */ = {isa = PBXFileReference; lastKnownFileType = sourcecode.swift; path = SwiftSampleAppTests.swift; sourceTree = "<group>"; };
/* End PBXFileReference section */

/* Begin PBXFrameworksBuildPhase section */
		DA64AC1D1C02D7720073F204 /* Frameworks */ = {
			isa = PBXFrameworksBuildPhase;
			buildActionMask = 2147483647;
			files = (
			);
			runOnlyForDeploymentPostprocessing = 0;
		};
		DA64AC321C02D7720073F204 /* Frameworks */ = {
			isa = PBXFrameworksBuildPhase;
			buildActionMask = 2147483647;
			files = (
			);
			runOnlyForDeploymentPostprocessing = 0;
		};
/* End PBXFrameworksBuildPhase section */

/* Begin PBXGroup section */
		DA64AC171C02D7720073F204 = {
			isa = PBXGroup;
			children = (
				DA64AC221C02D7720073F204 /* SwiftSampleApp */,
				DA64AC381C02D7720073F204 /* SwiftSampleAppTests */,
				DA64AC211C02D7720073F204 /* Products */,
			);
			sourceTree = "<group>";
		};
		DA64AC211C02D7720073F204 /* Products */ = {
			isa = PBXGroup;
			children = (
				DA64AC201C02D7720073F204 /* SwiftSampleApp.app */,
				DA64AC351C02D7720073F204 /* SwiftSampleAppTests.xctest */,
			);
			name = Products;
			sourceTree = "<group>";
		};
		DA64AC221C02D7720073F204 /* SwiftSampleApp */ = {
			isa = PBXGroup;
			children = (
				DA64AC251C02D7720073F204 /* AppDelegate.swift */,
				DA64AC271C02D7720073F204 /* ViewController.swift */,
				DA64AC291C02D7720073F204 /* Main.storyboard */,
				DA64AC2C1C02D7720073F204 /* Images.xcassets */,
				DA64AC2E1C02D7720073F204 /* LaunchScreen.xib */,
				DA64AC231C02D7720073F204 /* Supporting Files */,
			);
			path = SwiftSampleApp;
			sourceTree = "<group>";
		};
		DA64AC231C02D7720073F204 /* Supporting Files */ = {
			isa = PBXGroup;
			children = (
				DA64AC241C02D7720073F204 /* Info.plist */,
			);
			name = "Supporting Files";
			sourceTree = "<group>";
		};
		DA64AC381C02D7720073F204 /* SwiftSampleAppTests */ = {
			isa = PBXGroup;
			children = (
				DA64AC3B1C02D7720073F204 /* SwiftSampleAppTests.swift */,
				DA64AC391C02D7720073F204 /* Supporting Files */,
			);
			path = SwiftSampleAppTests;
			sourceTree = "<group>";
		};
		DA64AC391C02D7720073F204 /* Supporting Files */ = {
			isa = PBXGroup;
			children = (
				DA64AC3A1C02D7720073F204 /* Info.plist */,
			);
			name = "Supporting Files";
			sourceTree = "<group>";
		};
/* End PBXGroup section */

/* Begin PBXNativeTarget section */
		DA64AC1F1C02D7720073F204 /* SwiftSampleApp */ = {
			isa = PBXNativeTarget;
			buildConfigurationList = DA64AC3F1C02D7720073F204 /* Build configuration list for PBXNativeTarget "SwiftSampleApp" */;
			buildPhases = (
				DA64AC1C1C02D7720073F204 /* Sources */,
				DA64AC1D1C02D7720073F204 /* Frameworks */,
				DA64AC1E1C02D7720073F204 /* Resources */,
			);
			buildRules = (
			);
			dependencies = (
			);
			name = SwiftSampleApp;
			productName = SwiftSampleApp;
			productReference = DA64AC201C02D7720073F204 /* SwiftSampleApp.app */;
			productType = "com.apple.product-type.application";
		};
		DA64AC341C02D7720073F204 /* SwiftSampleAppTests */ = {
			isa = PBXNativeTarget;
			buildConfigurationList = DA64AC421C02D7720073F204 /* Build configuration list for PBXNativeTarget "SwiftSampleAppTests" */;
			buildPhases = (
				DA64AC311C02D7720073F204 /* Sources */,
				DA64AC321C02D7720073F204 /* Frameworks */,
				DA64AC331C02D7720073F204 /* Resources */,
			);
			buildRules = (
			);
			dependencies = (
				DA64AC371C02D7720073F204 /* PBXTargetDependency */,
			);
			name = SwiftSampleAppTests;
			productName = SwiftSampleAppTests;
			productReference = DA64AC351C02D7720073F204 /* SwiftSampleAppTests.xctest */;
			productType = "com.apple.product-type.bundle.unit-test";
		};
/* End PBXNativeTarget section */

/* Begin PBXProject section */
		DA64AC181C02D7720073F204 /* Project object */ = {
			isa = PBXProject;
			attributes = {
				LastUpgradeCheck = 0620;
				ORGANIZATIONNAME = "Developer 5";
				TargetAttributes = {
					DA64AC1F1C02D7720073F204 = {
						CreatedOnToolsVersion = 6.2;
					};
					DA64AC341C02D7720073F204 = {
						CreatedOnToolsVersion = 6.2;
						TestTargetID = DA64AC1F1C02D7720073F204;
					};
				};
			};
			buildConfigurationList = DA64AC1B1C02D7720073F204 /* Build configuration list for PBXProject "SwiftSampleApp" */;
			compatibilityVersion = "Xcode 3.2";
			developmentRegion = English;
			hasScannedForEncodings = 0;
			knownRegions = (
				en,
				Base,
			);
			mainGroup = DA64AC171C02D7720073F204;
			productRefGroup = DA64AC211C02D7720073F204 /* Products */;
			projectDirPath = "";
			projectRoot = "";
			targets = (
				DA64AC1F1C02D7720073F204 /* SwiftSampleApp */,
				DA64AC341C02D7720073F204 /* SwiftSampleAppTests */,
			);
		};
/* End PBXProject section */

/* Begin PBXResourcesBuildPhase section */
		DA64AC1E1C02D7720073F204 /* Resources */ = {
			isa = PBXResourcesBuildPhase;
			buildActionMask = 2147483647;
			files = (
				DA64AC2B1C02D7720073F204 /* Main.storyboard in Resources */,
				DA64AC301C02D7720073F204 /* LaunchScreen.xib in Resources */,
				DA64AC2D1C02D7720073F204 /* Images.xcassets in Resources */,
			);
			runOnlyForDeploymentPostprocessing = 0;
		};
		DA64AC331C02D7720073F204 /* Resources */ = {
			isa = PBXResourcesBuildPhase;
			buildActionMask = 2147483647;
			files = (
			);
			runOnlyForDeploymentPostprocessing = 0;
		};
/* End PBXResourcesBuildPhase section */

/* Begin PBXSourcesBuildPhase section */
		DA64AC1C1C02D7720073F204 /* Sources */ = {
			isa = PBXSourcesBuildPhase;
			buildActionMask = 2147483647;
			files = (
				DA64AC281C02D7720073F204 /* ViewController.swift in Sources */,
				DA64AC261C02D7720073F204 /* AppDelegate.swift in Sources */,
			);
			runOnlyForDeploymentPostprocessing = 0;
		};
		DA64AC311C02D7720073F204 /* Sources */ = {
			isa = PBXSourcesBuildPhase;
			buildActionMask = 2147483647;
			files = (
				DA64AC3C1C02D7720073F204 /* SwiftSampleAppTests.swift in Sources */,
			);
			runOnlyForDeploymentPostprocessing = 0;
		};
/* End PBXSourcesBuildPhase section */

/* Begin PBXTargetDependency section */
		DA64AC371C02D7720073F204 /* PBXTargetDependency */ = {
			isa = PBXTargetDependency;
			target = DA64AC1F1C02D7720073F204 /* SwiftSampleApp */;
			targetProxy = DA64AC361C02D7720073F204 /* PBXContainerItemProxy */;
		};
/* End PBXTargetDependency section */

/* Begin PBXVariantGroup section */
		DA64AC291C02D7720073F204 /* Main.storyboard */ = {
			isa = PBXVariantGroup;
			children = (
				DA64AC2A1C02D7720073F204 /* Base */,
			);
			name = Main.storyboard;
			sourceTree = "<group>";
		};
		DA64AC2E1C02D7720073F204 /* LaunchScreen.xib */ = {
			isa = PBXVariantGroup;
			children = (
				DA64AC2F1C02D7720073F204 /* Base */,
			);
			name = LaunchScreen.xib;
			sourceTree = "<group>";
		};
/* End PBXVariantGroup section */

/* Begin XCBuildConfiguration section */
		DA64AC3D1C02D7720073F204 /* Debug */ = {
			isa = XCBuildConfiguration;
			buildSettings = {
				ALWAYS_SEARCH_USER_PATHS = NO;
				CLANG_CXX_LANGUAGE_STANDARD = "gnu++0x";
				CLANG_CXX_LIBRARY = "libc++";
				CLANG_ENABLE_MODULES = YES;
				CLANG_ENABLE_OBJC_ARC = YES;
				CLANG_WARN_BOOL_CONVERSION = YES;
				CLANG_WARN_CONSTANT_CONVERSION = YES;
				CLANG_WARN_DIRECT_OBJC_ISA_USAGE = YES_ERROR;
				CLANG_WARN_EMPTY_BODY = YES;
				CLANG_WARN_ENUM_CONVERSION = YES;
				CLANG_WARN_INT_CONVERSION = YES;
				CLANG_WARN_OBJC_ROOT_CLASS = YES_ERROR;
				CLANG_WARN_UNREACHABLE_CODE = YES;
				CLANG_WARN__DUPLICATE_METHOD_MATCH = YES;
				"CODE_SIGN_IDENTITY[sdk=iphoneos*]" = "iPhone Developer";
				COPY_PHASE_STRIP = NO;
				ENABLE_STRICT_OBJC_MSGSEND = YES;
				GCC_C_LANGUAGE_STANDARD = gnu99;
				GCC_DYNAMIC_NO_PIC = NO;
				GCC_OPTIMIZATION_LEVEL = 0;
				GCC_PREPROCESSOR_DEFINITIONS = (
					"DEBUG=1",
					"$(inherited)",
				);
				GCC_SYMBOLS_PRIVATE_EXTERN = NO;
				GCC_WARN_64_TO_32_BIT_CONVERSION = YES;
				GCC_WARN_ABOUT_RETURN_TYPE = YES_ERROR;
				GCC_WARN_UNDECLARED_SELECTOR = YES;
				GCC_WARN_UNINITIALIZED_AUTOS = YES_AGGRESSIVE;
				GCC_WARN_UNUSED_FUNCTION = YES;
				GCC_WARN_UNUSED_VARIABLE = YES;
				IPHONEOS_DEPLOYMENT_TARGET = 8.2;
				MTL_ENABLE_DEBUG_INFO = YES;
				ONLY_ACTIVE_ARCH = YES;
				SDKROOT = iphoneos;
				SWIFT_OPTIMIZATION_LEVEL = "-Onone";
				TARGETED_DEVICE_FAMILY = "1,2";
			};
			name = Debug;
		};
		DA64AC3E1C02D7720073F204 /* Release */ = {
			isa = XCBuildConfiguration;
			buildSettings = {
				ALWAYS_SEARCH_USER_PATHS = NO;
				CLANG_CXX_LANGUAGE_STANDARD = "gnu++0x";
				CLANG_CXX_LIBRARY = "libc++";
				CLANG_ENABLE_MODULES = YES;
				CLANG_ENABLE_OBJC_ARC = YES;
				CLANG_WARN_BOOL_CONVERSION = YES;
				CLANG_WARN_CONSTANT_CONVERSION = YES;
				CLANG_WARN_DIRECT_OBJC_ISA_USAGE = YES_ERROR;
				CLANG_WARN_EMPTY_BODY = YES;
				CLANG_WARN_ENUM_CONVERSION = YES;
				CLANG_WARN_INT_CONVERSION = YES;
				CLANG_WARN_OBJC_ROOT_CLASS = YES_ERROR;
				CLANG_WARN_UNREACHABLE_CODE = YES;
				CLANG_WARN__DUPLICATE_METHOD_MATCH = YES;
				"CODE_SIGN_IDENTITY[sdk=iphoneos*]" = "iPhone Developer";
				COPY_PHASE_STRIP = NO;
				ENABLE_NS_ASSERTIONS = NO;
				ENABLE_STRICT_OBJC_MSGSEND = YES;
				GCC_C_LANGUAGE_STANDARD = gnu99;
				GCC_WARN_64_TO_32_BIT_CONVERSION = YES;
				GCC_WARN_ABOUT_RETURN_TYPE = YES_ERROR;
				GCC_WARN_UNDECLARED_SELECTOR = YES;
				GCC_WARN_UNINITIALIZED_AUTOS = YES_AGGRESSIVE;
				GCC_WARN_UNUSED_FUNCTION = YES;
				GCC_WARN_UNUSED_VARIABLE = YES;
				IPHONEOS_DEPLOYMENT_TARGET = 8.2;
				MTL_ENABLE_DEBUG_INFO = NO;
				SDKROOT = iphoneos;
				TARGETED_DEVICE_FAMILY = "1,2";
				VALIDATE_PRODUCT = YES;
			};
			name = Release;
		};
		DA64AC401C02D7720073F204 /* Debug */ = {
			isa = XCBuildConfiguration;
			buildSettings = {
				ASSETCATALOG_COMPILER_APPICON_NAME = AppIcon;
				INFOPLIST_FILE = SwiftSampleApp/Info.plist;
				LD_RUNPATH_SEARCH_PATHS = "$(inherited) @executable_path/Frameworks";
				PRODUCT_NAME = "$(TARGET_NAME)";
			};
			name = Debug;
		};
		DA64AC411C02D7720073F204 /* Release */ = {
			isa = XCBuildConfiguration;
			buildSettings = {
				ASSETCATALOG_COMPILER_APPICON_NAME = AppIcon;
				INFOPLIST_FILE = SwiftSampleApp/Info.plist;
				LD_RUNPATH_SEARCH_PATHS = "$(inherited) @executable_path/Frameworks";
				PRODUCT_NAME = "$(TARGET_NAME)";
			};
			name = Release;
		};
		DA64AC431C02D7720073F204 /* Debug */ = {
			isa = XCBuildConfiguration;
			buildSettings = {
				BUNDLE_LOADER = "$(TEST_HOST)";
				FRAMEWORK_SEARCH_PATHS = (
					"$(SDKROOT)/Developer/Library/Frameworks",
					"$(inherited)",
				);
				GCC_PREPROCESSOR_DEFINITIONS = (
					"DEBUG=1",
					"$(inherited)",
				);
				INFOPLIST_FILE = SwiftSampleAppTests/Info.plist;
				LD_RUNPATH_SEARCH_PATHS = "$(inherited) @executable_path/Frameworks @loader_path/Frameworks";
				PRODUCT_NAME = "$(TARGET_NAME)";
				TEST_HOST = "$(BUILT_PRODUCTS_DIR)/SwiftSampleApp.app/SwiftSampleApp";
			};
			name = Debug;
		};
		DA64AC441C02D7720073F204 /* Release */ = {
			isa = XCBuildConfiguration;
			buildSettings = {
				BUNDLE_LOADER = "$(TEST_HOST)";
				FRAMEWORK_SEARCH_PATHS = (
					"$(SDKROOT)/Developer/Library/Frameworks",
					"$(inherited)",
				);
				INFOPLIST_FILE = SwiftSampleAppTests/Info.plist;
				LD_RUNPATH_SEARCH_PATHS = "$(inherited) @executable_path/Frameworks @loader_path/Frameworks";
				PRODUCT_NAME = "$(TARGET_NAME)";
				TEST_HOST = "$(BUILT_PRODUCTS_DIR)/SwiftSampleApp.app/SwiftSampleApp";
			};
			name = Release;
		};
/* End XCBuildConfiguration section */

/* Begin XCConfigurationList section */
		DA64AC1B1C02D7720073F204 /* Build configuration list for PBXProject "SwiftSampleApp" */ = {
			isa = XCConfigurationList;
			buildConfigurations = (
				DA64AC3D1C02D7720073F204 /* Debug */,
				DA64AC3E1C02D7720073F204 /* Release */,
			);
			defaultConfigurationIsVisible = 0;
			defaultConfigurationName = Release;
		};
		DA64AC3F1C02D7720073F204 /* Build configuration list for PBXNativeTarget "SwiftSampleApp" */ = {
			isa = XCConfigurationList;
			buildConfigurations = (
				DA64AC401C02D7720073F204 /* Debug */,
				DA64AC411C02D7720073F204 /* Release */,
			);
			defaultConfigurationIsVisible = 0;
		};
		DA64AC421C02D7720073F204 /* Build configuration list for PBXNativeTarget "SwiftSampleAppTests" */ = {
			isa = XCConfigurationList;
			buildConfigurations = (
				DA64AC431C02D7720073F204 /* Debug */,
				DA64AC441C02D7720073F204 /* Release */,
			);
			defaultConfigurationIsVisible = 0;
		};
/* End XCConfigurationList section */
	};
	rootObject = DA64AC181C02D7720073F204 /* Project object */;
}
